# This file is automatically @generated by Cargo.
# It is not intended for manual editing.
version = 4

[[package]]
name = "determinism-proto"
version = "0.1.0"

[[package]]
name = "reexec-agent"
version = "0.1.0"
dependencies = [
 "replay-proto",
]

[[package]]
name = "replay-proto"
version = "0.1.0"
dependencies = [
 "determinism-proto",
]

[[package]]
name = "replay-types"
version = "0.1.0"

[[package]]
name = "replayd"
version = "0.1.0"
dependencies = [
 "replay-proto",
 "replay-types",
]
